{
    "version": 3,
    "terraform_version": "0.11.11",
    "serial": 8,
    "lineage": "0dbaed5a-7eb9-4e77-98a0-80d18d07ef61",
    "modules": [
        {
            "path": [
                "root"
            ],
            "outputs": {},
            "resources": {
                "aws_autoscaling_group.jenkins-poc": {
                    "type": "aws_autoscaling_group",
                    "depends_on": [
                        "aws_launch_configuration.jenkins-poc",
                        "aws_subnet.jenkins-poc.*"
                    ],
                    "primary": {
                        "id": "jenkins-poc",
                        "attributes": {
                            "arn": "arn:aws:autoscaling:us-east-2:858766464131:autoScalingGroup:9ecc939a-f472-43da-a3f0-056c2780ac7e:autoScalingGroupName/jenkins-poc",
                            "availability_zones.#": "2",
                            "availability_zones.1726430690": "us-east-2b",
                            "availability_zones.4293815384": "us-east-2a",
                            "default_cooldown": "300",
                            "desired_capacity": "2",
                            "enabled_metrics.#": "0",
                            "force_delete": "false",
                            "health_check_grace_period": "300",
                            "health_check_type": "EC2",
                            "id": "jenkins-poc",
                            "launch_configuration": "jenkis-poc20191015133612039400000006",
                            "launch_template.#": "0",
                            "load_balancers.#": "0",
                            "max_size": "2",
                            "metrics_granularity": "1Minute",
                            "min_size": "1",
                            "mixed_instances_policy.#": "0",
                            "name": "jenkins-poc",
                            "placement_group": "",
                            "protect_from_scale_in": "false",
                            "service_linked_role_arn": "arn:aws:iam::858766464131:role/aws-service-role/autoscaling.amazonaws.com/AWSServiceRoleForAutoScaling",
                            "suspended_processes.#": "0",
                            "tag.#": "2",
                            "tag.3181301391.key": "kubernetes.io/cluster/jenkins-poc",
                            "tag.3181301391.propagate_at_launch": "true",
                            "tag.3181301391.value": "owned",
                            "tag.4136109885.key": "Name",
                            "tag.4136109885.propagate_at_launch": "true",
                            "tag.4136109885.value": "jenkins-poc",
                            "target_group_arns.#": "0",
                            "termination_policies.#": "0",
                            "vpc_zone_identifier.#": "2",
                            "vpc_zone_identifier.100314260": "subnet-02a84ae65e61216ca",
                            "vpc_zone_identifier.3661875981": "subnet-0e75ff2eba50ba3b1",
                            "wait_for_capacity_timeout": "10m"
                        },
                        "meta": {
                            "e2bfb730-ecaa-11e6-8f88-34363bc7c4c0": {
                                "delete": 600000000000
                            }
                        },
                        "tainted": false
                    },
                    "deposed": [],
                    "provider": "provider.aws"
                },
                "aws_eks_cluster.jenkins-poc": {
                    "type": "aws_eks_cluster",
                    "depends_on": [
                        "aws_iam_role.jenkins-poc-master",
                        "aws_iam_role_policy_attachment.jenkins-poc-master-AmazonEKSClusterPolicy",
                        "aws_iam_role_policy_attachment.jenkins-poc-master-AmazonEKSServicePolicy",
                        "aws_security_group.jenkins-poc-master",
                        "aws_subnet.jenkins-poc.*"
                    ],
                    "primary": {
                        "id": "jenkins-poc",
                        "attributes": {
                            "arn": "arn:aws:eks:us-east-2:858766464131:cluster/jenkins-poc",
                            "certificate_authority.#": "1",
                            "certificate_authority.0.data": "LS0tLS1CRUdJTiBDRVJUSUZJQ0FURS0tLS0tCk1JSUN5RENDQWJDZ0F3SUJBZ0lCQURBTkJna3Foa2lHOXcwQkFRc0ZBREFWTVJNd0VRWURWUVFERXdwcmRXSmwKY201bGRHVnpNQjRYRFRFNU1UQXhOVEV6TXpNd04xb1hEVEk1TVRBeE1qRXpNek13TjFvd0ZURVRNQkVHQTFVRQpBeE1LYTNWaVpYSnVaWFJsY3pDQ0FTSXdEUVlKS29aSWh2Y05BUUVCQlFBRGdnRVBBRENDQVFvQ2dnRUJBSkl1CnIwUFd0R1RxU3JiaWl1WlBEdnNsYWJXc292MlpFZ2Q0SmN0Y3pVSklDZDBKWGRwVFRwN1lZZ2cydTcrYkdwelMKNXRIbGxHaFZkaGFYcEhYRjBxcVJLUnhjTGgybThwVFFXUHlWbUZ5NWZ3WXJYcXRIMldwZVQwL1N3ZmY0K1R1RwpUajMrZzIreUFYY3p5d1lyanVOdG9qbjdUWk1iWGFNQnJFd1l6MlYzSi9pMm1FMVY3bVh6WmhDQVIyRnU1NS9qCmtrTUNhTmVURU1nMlZqK0ZDUzhyaXd1aWZRTnZ3TldoVmxRTUdQc3lmQ1JmeWRHTHpVYTVSZHBIWEtjQVhrU3cKMkVuQVdSYnVQVG1YWDJ1bi9hTW01ODYxeEJkN1U3Ynd2eEhRalZBT01DWUthT2NaQXVHWFVhQkhvcTBDOXcrcQpIU0ltRk9maDlhOHcvcUxOb2NVQ0F3RUFBYU1qTUNFd0RnWURWUjBQQVFIL0JBUURBZ0trTUE4R0ExVWRFd0VCCi93UUZNQU1CQWY4d0RRWUpLb1pJaHZjTkFRRUxCUUFEZ2dFQkFJMVlSeWVYd2UvVGJIc3BkWTRnaXdGelNsd2IKem82NWlDZ2xTb3BDaytsM1phQTF5V21QU2ZHWFA2d0xmNE85c3g1aUdKdk52djJIdTZVTUFnVmQ1UjNjbUxNegoyZEN2LzVWV0EzZXBGZzcyRGswVjhNbHRKdW5VeHE5WUlpUWdkbjZYaEFteWpUbnAzRFJTYVZhY1pxWlRHb0YvCmFWNy9qVlhVanp1RXJvTzEvVERLWnhTbjRnMTJzKzNMNGorWmcvTWlPMm9hNThSNjUzeWlyNmppczBIa2lJS3AKZUh3QUtUQzNPMnpweG9qenZZQXJqL3llNzZrbDBQd1ZPcU9nL3hsRllaMlZOaktNU2ludGw0czY2K2o0NGtVRApMczF1L2FmaWhCb1hVNENIdGJ1aXZFQ2lPL3Fsd05pMGtEdmYza0hGaXAyWlF3RmxwcWI4RW5aM0pDVT0KLS0tLS1FTkQgQ0VSVElGSUNBVEUtLS0tLQo=",
                            "created_at": "2019-10-15 13:26:53 +0000 UTC",
                            "enabled_cluster_log_types.#": "0",
                            "endpoint": "https://FF38B5411DA9D27E4A001FFAA0264E08.sk1.us-east-2.eks.amazonaws.com",
                            "id": "jenkins-poc",
                            "identity.#": "1",
                            "identity.0.oidc.#": "1",
                            "identity.0.oidc.0.issuer": "https://oidc.eks.us-east-2.amazonaws.com/id/FF38B5411DA9D27E4A001FFAA0264E08",
                            "name": "jenkins-poc",
                            "platform_version": "eks.2",
                            "role_arn": "arn:aws:iam::858766464131:role/jenkins-poc",
                            "status": "ACTIVE",
                            "tags.%": "0",
                            "version": "1.14",
                            "vpc_config.#": "1",
                            "vpc_config.0.endpoint_private_access": "false",
                            "vpc_config.0.endpoint_public_access": "true",
                            "vpc_config.0.security_group_ids.#": "1",
                            "vpc_config.0.security_group_ids.2042800047": "sg-08005e09bf31113f2",
                            "vpc_config.0.subnet_ids.#": "2",
                            "vpc_config.0.subnet_ids.2490280792": "subnet-02a84ae65e61216ca",
                            "vpc_config.0.subnet_ids.492976607": "subnet-0e75ff2eba50ba3b1",
                            "vpc_config.0.vpc_id": "vpc-04da8954cab6f606b"
                        },
                        "meta": {
                            "e2bfb730-ecaa-11e6-8f88-34363bc7c4c0": {
                                "create": 1800000000000,
                                "delete": 900000000000,
                                "update": 3600000000000
                            }
                        },
                        "tainted": false
                    },
                    "deposed": [],
                    "provider": "provider.aws"
                },
                "aws_iam_instance_profile.jenkins-poc-worker": {
                    "type": "aws_iam_instance_profile",
                    "depends_on": [
                        "aws_iam_role.jenkins-poc-worker"
                    ],
                    "primary": {
                        "id": "jenkins-poc-worker",
                        "attributes": {
                            "arn": "arn:aws:iam::858766464131:instance-profile/jenkins-poc-worker",
                            "create_date": "2019-10-15T13:26:30Z",
                            "id": "jenkins-poc-worker",
                            "name": "jenkins-poc-worker",
                            "path": "/",
                            "role": "jenkins-poc-worker",
                            "roles.#": "1",
                            "roles.4088986714": "jenkins-poc-worker",
                            "unique_id": "AIPA4P4TYKSBVP7MIOVE4"
                        },
                        "meta": {},
                        "tainted": false
                    },
                    "deposed": [],
                    "provider": "provider.aws"
                },
                "aws_iam_role.jenkins-poc-master": {
                    "type": "aws_iam_role",
                    "depends_on": [],
                    "primary": {
                        "id": "jenkins-poc",
                        "attributes": {
                            "arn": "arn:aws:iam::858766464131:role/jenkins-poc",
                            "assume_role_policy": "{\"Version\":\"2012-10-17\",\"Statement\":[{\"Effect\":\"Allow\",\"Principal\":{\"Service\":\"eks.amazonaws.com\"},\"Action\":\"sts:AssumeRole\"}]}",
                            "create_date": "2019-10-15T13:26:26Z",
                            "description": "",
                            "force_detach_policies": "false",
                            "id": "jenkins-poc",
                            "max_session_duration": "3600",
                            "name": "jenkins-poc",
                            "path": "/",
                            "tags.%": "0",
                            "unique_id": "AROA4P4TYKSBU7IRE6UGS"
                        },
                        "meta": {},
                        "tainted": false
                    },
                    "deposed": [],
                    "provider": "provider.aws"
                },
                "aws_iam_role.jenkins-poc-worker": {
                    "type": "aws_iam_role",
                    "depends_on": [],
                    "primary": {
                        "id": "jenkins-poc-worker",
                        "attributes": {
                            "arn": "arn:aws:iam::858766464131:role/jenkins-poc-worker",
                            "assume_role_policy": "{\"Version\":\"2012-10-17\",\"Statement\":[{\"Effect\":\"Allow\",\"Principal\":{\"Service\":\"ec2.amazonaws.com\"},\"Action\":\"sts:AssumeRole\"}]}",
                            "create_date": "2019-10-15T13:26:28Z",
                            "description": "",
                            "force_detach_policies": "false",
                            "id": "jenkins-poc-worker",
                            "max_session_duration": "3600",
                            "name": "jenkins-poc-worker",
                            "path": "/",
                            "tags.%": "0",
                            "unique_id": "AROA4P4TYKSB6KQ6ENSAO"
                        },
                        "meta": {},
                        "tainted": false
                    },
                    "deposed": [],
                    "provider": "provider.aws"
                },
                "aws_iam_role_policy_attachment.jenkins-poc-master-AmazonEKSClusterPolicy": {
                    "type": "aws_iam_role_policy_attachment",
                    "depends_on": [
                        "aws_iam_role.jenkins-poc-master"
                    ],
                    "primary": {
                        "id": "jenkins-poc-20191015132629191000000001",
                        "attributes": {
                            "id": "jenkins-poc-20191015132629191000000001",
                            "policy_arn": "arn:aws:iam::aws:policy/AmazonEKSClusterPolicy",
                            "role": "jenkins-poc"
                        },
                        "meta": {},
                        "tainted": false
                    },
                    "deposed": [],
                    "provider": "provider.aws"
                },
                "aws_iam_role_policy_attachment.jenkins-poc-master-AmazonEKSServicePolicy": {
                    "type": "aws_iam_role_policy_attachment",
                    "depends_on": [
                        "aws_iam_role.jenkins-poc-master"
                    ],
                    "primary": {
                        "id": "jenkins-poc-20191015132629435400000002",
                        "attributes": {
                            "id": "jenkins-poc-20191015132629435400000002",
                            "policy_arn": "arn:aws:iam::aws:policy/AmazonEKSServicePolicy",
                            "role": "jenkins-poc"
                        },
                        "meta": {},
                        "tainted": false
                    },
                    "deposed": [],
                    "provider": "provider.aws"
                },
                "aws_launch_configuration.jenkins-poc": {
                    "type": "aws_launch_configuration",
                    "depends_on": [
                        "aws_iam_instance_profile.jenkins-poc-worker",
                        "aws_security_group.jenkins-poc-worker",
                        "data.aws_ami.eks-worker",
                        "local.jenkins-poc-worker-userdata"
                    ],
                    "primary": {
                        "id": "jenkis-poc20191015133612039400000006",
                        "attributes": {
                            "associate_public_ip_address": "true",
                            "ebs_block_device.#": "0",
                            "ebs_optimized": "false",
                            "enable_monitoring": "true",
                            "ephemeral_block_device.#": "0",
                            "iam_instance_profile": "jenkins-poc-worker",
                            "id": "jenkis-poc20191015133612039400000006",
                            "image_id": "ami-082bb518441d3954c",
                            "instance_type": "m4.large",
                            "key_name": "",
                            "name": "jenkis-poc20191015133612039400000006",
                            "name_prefix": "jenkis-poc",
                            "root_block_device.#": "0",
                            "security_groups.#": "1",
                            "security_groups.2355685291": "sg-0c4c9163311917802",
                            "spot_price": "",
                            "user_data_base64": "IyEvYmluL2Jhc2gKc2V0IC1vIHh0cmFjZQovZXRjL2Vrcy9ib290c3RyYXAuc2ggLS1hcGlzZXJ2ZXItZW5kcG9pbnQgJ2h0dHBzOi8vRkYzOEI1NDExREE5RDI3RTRBMDAxRkZBQTAyNjRFMDguc2sxLnVzLWVhc3QtMi5la3MuYW1hem9uYXdzLmNvbScgLS1iNjQtY2x1c3Rlci1jYSAnTFMwdExTMUNSVWRKVGlCRFJWSlVTVVpKUTBGVVJTMHRMUzB0Q2sxSlNVTjVSRU5EUVdKRFowRjNTVUpCWjBsQ1FVUkJUa0puYTNGb2EybEhPWGN3UWtGUmMwWkJSRUZXVFZKTmQwVlJXVVJXVVZGRVJYZHdjbVJYU213S1kyMDFiR1JIVm5wTlFqUllSRlJGTlUxVVFYaE9WRVY2VFhwTmQwNHhiMWhFVkVrMVRWUkJlRTFxUlhwTmVrMTNUakZ2ZDBaVVJWUk5Ra1ZIUVRGVlJRcEJlRTFMWVROV2FWcFlTblZhV0ZKc1kzcERRMEZUU1hkRVVWbEtTMjlhU1doMlkwNUJVVVZDUWxGQlJHZG5SVkJCUkVORFFWRnZRMmRuUlVKQlNrbDFDbkl3VUZkMFIxUnhVM0ppYVdsMVdsQkVkbk5zWVdKWGMyOTJNbHBGWjJRMFNtTjBZM3BWU2tsRFpEQktXR1J3VkZSd04xbFpaMmN5ZFRjcllrZHdlbE1LTlhSSWJHeEhhRlprYUdGWWNFaFlSakJ4Y1ZKTFVuaGpUR2d5YlRod1ZGRlhVSGxXYlVaNU5XWjNXWEpZY1hSSU1sZHdaVlF3TDFOM1ptWTBLMVIxUndwVWFqTXJaeklyZVVGWVkzcDVkMWx5YW5WT2RHOXFiamRVV2sxaVdHRk5RbkpGZDFsNk1sWXpTaTlwTW0xRk1WWTNiVmg2V21oRFFWSXlSblUxTlM5cUNtdHJUVU5oVG1WVVJVMW5NbFpxSzBaRFV6aHlhWGQxYVdaUlRuWjNUbGRvVm14UlRVZFFjM2xtUTFKbWVXUkhUSHBWWVRWU1pIQklXRXRqUVZoclUzY0tNa1Z1UVZkU1luVlFWRzFZV0RKMWJpOWhUVzAxT0RZeGVFSmtOMVUzWW5kMmVFaFJhbFpCVDAxRFdVdGhUMk5hUVhWSFdGVmhRa2h2Y1RCRE9YY3JjUXBJVTBsdFJrOW1hRGxoT0hjdmNVeE9iMk5WUTBGM1JVRkJZVTFxVFVORmQwUm5XVVJXVWpCUVFWRklMMEpCVVVSQlowdHJUVUU0UjBFeFZXUkZkMFZDQ2k5M1VVWk5RVTFDUVdZNGQwUlJXVXBMYjFwSmFIWmpUa0ZSUlV4Q1VVRkVaMmRGUWtGSk1WbFNlV1ZZZDJVdlZHSkljM0JrV1RSbmFYZEdlbE5zZDJJS2VtODJOV2xEWjJ4VGIzQkRheXRzTTFwaFFURjVWMjFRVTJaSFdGQTJkMHhtTkU4NWMzZzFhVWRLZGs1MmRqSklkVFpWVFVGblZtUTFVak5qYlV4TmVnb3laRU4yTHpWV1YwRXpaWEJHWnpjeVJHc3dWamhOYkhSS2RXNVZlSEU1V1VscFVXZGtialpZYUVGdGVXcFVibkF6UkZKVFlWWmhZMXB4V2xSSGIwWXZDbUZXTnk5cVZsaFZhbnAxUlhKdlR6RXZWRVJMV25oVGJqUm5NVEp6S3pOTU5Hb3JXbWN2VFdsUE1tOWhOVGhTTmpVemVXbHlObXBwY3pCSWEybEpTM0FLWlVoM1FVdFVRek5QTW5wd2VHOXFlblpaUVhKcUwzbGxOelpyYkRCUWQxWlBjVTluTDNoc1JsbGFNbFpPYWt0TlUybHVkR3cwY3pZMksybzBOR3RWUkFwTWN6RjFMMkZtYVdoQ2IxaFZORU5JZEdKMWFYWkZRMmxQTDNGc2QwNXBNR3RFZG1ZemEwaEdhWEF5V2xGM1JteHdjV0k0Ulc1YU0wcERWVDBLTFMwdExTMUZUa1FnUTBWU1ZFbEdTVU5CVkVVdExTMHRMUW89JyAnamVua2lucy1wb2MnCg==",
                            "vpc_classic_link_id": "",
                            "vpc_classic_link_security_groups.#": "0"
                        },
                        "meta": {},
                        "tainted": false
                    },
                    "deposed": [],
                    "provider": "provider.aws"
                },
                "aws_security_group.jenkins-poc-master": {
                    "type": "aws_security_group",
                    "depends_on": [
                        "aws_vpc.jenkins-poc"
                    ],
                    "primary": {
                        "id": "sg-08005e09bf31113f2",
                        "attributes": {
                            "arn": "arn:aws:ec2:us-east-2:858766464131:security-group/sg-08005e09bf31113f2",
                            "description": "Cluster communication with worker nodes",
                            "egress.#": "1",
                            "egress.482069346.cidr_blocks.#": "1",
                            "egress.482069346.cidr_blocks.0": "0.0.0.0/0",
                            "egress.482069346.description": "",
                            "egress.482069346.from_port": "0",
                            "egress.482069346.ipv6_cidr_blocks.#": "0",
                            "egress.482069346.prefix_list_ids.#": "0",
                            "egress.482069346.protocol": "-1",
                            "egress.482069346.security_groups.#": "0",
                            "egress.482069346.self": "false",
                            "egress.482069346.to_port": "0",
                            "id": "sg-08005e09bf31113f2",
                            "ingress.#": "2",
                            "ingress.381313393.cidr_blocks.#": "1",
                            "ingress.381313393.cidr_blocks.0": "0.0.0.0/32",
                            "ingress.381313393.description": "Allow workstation to communicate with the cluster API Server",
                            "ingress.381313393.from_port": "443",
                            "ingress.381313393.ipv6_cidr_blocks.#": "0",
                            "ingress.381313393.prefix_list_ids.#": "0",
                            "ingress.381313393.protocol": "tcp",
                            "ingress.381313393.security_groups.#": "0",
                            "ingress.381313393.self": "false",
                            "ingress.381313393.to_port": "443",
                            "ingress.43809434.cidr_blocks.#": "0",
                            "ingress.43809434.description": "Allow pods to communicate with the cluster API Server",
                            "ingress.43809434.from_port": "443",
                            "ingress.43809434.ipv6_cidr_blocks.#": "0",
                            "ingress.43809434.prefix_list_ids.#": "0",
                            "ingress.43809434.protocol": "tcp",
                            "ingress.43809434.security_groups.#": "1",
                            "ingress.43809434.security_groups.2355685291": "sg-0c4c9163311917802",
                            "ingress.43809434.self": "false",
                            "ingress.43809434.to_port": "443",
                            "name": "jenkins-poc",
                            "owner_id": "858766464131",
                            "revoke_rules_on_delete": "false",
                            "tags.%": "1",
                            "tags.Name": "jenkins-poc",
                            "vpc_id": "vpc-04da8954cab6f606b"
                        },
                        "meta": {
                            "e2bfb730-ecaa-11e6-8f88-34363bc7c4c0": {
                                "create": 600000000000,
                                "delete": 600000000000
                            },
                            "schema_version": "1"
                        },
                        "tainted": false
                    },
                    "deposed": [],
                    "provider": "provider.aws"
                },
                "aws_security_group.jenkins-poc-worker": {
                    "type": "aws_security_group",
                    "depends_on": [
                        "aws_vpc.jenkins-poc"
                    ],
                    "primary": {
                        "id": "sg-0c4c9163311917802",
                        "attributes": {
                            "arn": "arn:aws:ec2:us-east-2:858766464131:security-group/sg-0c4c9163311917802",
                            "description": "Security group for all nodes in the cluster",
                            "egress.#": "1",
                            "egress.482069346.cidr_blocks.#": "1",
                            "egress.482069346.cidr_blocks.0": "0.0.0.0/0",
                            "egress.482069346.description": "",
                            "egress.482069346.from_port": "0",
                            "egress.482069346.ipv6_cidr_blocks.#": "0",
                            "egress.482069346.prefix_list_ids.#": "0",
                            "egress.482069346.protocol": "-1",
                            "egress.482069346.security_groups.#": "0",
                            "egress.482069346.self": "false",
                            "egress.482069346.to_port": "0",
                            "id": "sg-0c4c9163311917802",
                            "ingress.#": "2",
                            "ingress.2278689831.cidr_blocks.#": "0",
                            "ingress.2278689831.description": "Allow node to communicate with each other",
                            "ingress.2278689831.from_port": "0",
                            "ingress.2278689831.ipv6_cidr_blocks.#": "0",
                            "ingress.2278689831.prefix_list_ids.#": "0",
                            "ingress.2278689831.protocol": "-1",
                            "ingress.2278689831.security_groups.#": "0",
                            "ingress.2278689831.self": "true",
                            "ingress.2278689831.to_port": "0",
                            "ingress.899052943.cidr_blocks.#": "0",
                            "ingress.899052943.description": "Allow worker Kubelets and pods to receive communication from the cluster control plane",
                            "ingress.899052943.from_port": "1025",
                            "ingress.899052943.ipv6_cidr_blocks.#": "0",
                            "ingress.899052943.prefix_list_ids.#": "0",
                            "ingress.899052943.protocol": "tcp",
                            "ingress.899052943.security_groups.#": "1",
                            "ingress.899052943.security_groups.292911892": "sg-08005e09bf31113f2",
                            "ingress.899052943.self": "false",
                            "ingress.899052943.to_port": "65535",
                            "name": "jenkins-poc-worker",
                            "owner_id": "858766464131",
                            "revoke_rules_on_delete": "false",
                            "tags.%": "2",
                            "tags.Name": "jenkins-poc-worker",
                            "tags.kubernetes.io/cluster/jenkins-poc": "owned",
                            "vpc_id": "vpc-04da8954cab6f606b"
                        },
                        "meta": {
                            "e2bfb730-ecaa-11e6-8f88-34363bc7c4c0": {
                                "create": 600000000000,
                                "delete": 600000000000
                            },
                            "schema_version": "1"
                        },
                        "tainted": false
                    },
                    "deposed": [],
                    "provider": "provider.aws"
                },
                "aws_subnet.jenkins-poc.0": {
                    "type": "aws_subnet",
                    "depends_on": [
                        "aws_vpc.jenkins-poc",
                        "data.aws_availability_zones.available"
                    ],
                    "primary": {
                        "id": "subnet-0e75ff2eba50ba3b1",
                        "attributes": {
                            "arn": "arn:aws:ec2:us-east-2:858766464131:subnet/subnet-0e75ff2eba50ba3b1",
                            "assign_ipv6_address_on_creation": "false",
                            "availability_zone": "us-east-2a",
                            "availability_zone_id": "use2-az1",
                            "cidr_block": "10.0.0.0/24",
                            "id": "subnet-0e75ff2eba50ba3b1",
                            "ipv6_cidr_block": "",
                            "ipv6_cidr_block_association_id": "",
                            "map_public_ip_on_launch": "false",
                            "owner_id": "858766464131",
                            "tags.%": "2",
                            "tags.Name": "jenkins-poc",
                            "tags.kubernetes.io/cluster/jenkins-poc": "shared",
                            "vpc_id": "vpc-04da8954cab6f606b"
                        },
                        "meta": {
                            "e2bfb730-ecaa-11e6-8f88-34363bc7c4c0": {
                                "create": 600000000000,
                                "delete": 1200000000000
                            },
                            "schema_version": "1"
                        },
                        "tainted": false
                    },
                    "deposed": [],
                    "provider": "provider.aws"
                },
                "aws_subnet.jenkins-poc.1": {
                    "type": "aws_subnet",
                    "depends_on": [
                        "aws_vpc.jenkins-poc",
                        "data.aws_availability_zones.available"
                    ],
                    "primary": {
                        "id": "subnet-02a84ae65e61216ca",
                        "attributes": {
                            "arn": "arn:aws:ec2:us-east-2:858766464131:subnet/subnet-02a84ae65e61216ca",
                            "assign_ipv6_address_on_creation": "false",
                            "availability_zone": "us-east-2b",
                            "availability_zone_id": "use2-az2",
                            "cidr_block": "10.0.1.0/24",
                            "id": "subnet-02a84ae65e61216ca",
                            "ipv6_cidr_block": "",
                            "ipv6_cidr_block_association_id": "",
                            "map_public_ip_on_launch": "false",
                            "owner_id": "858766464131",
                            "tags.%": "2",
                            "tags.Name": "jenkins-poc",
                            "tags.kubernetes.io/cluster/jenkins-poc": "shared",
                            "vpc_id": "vpc-04da8954cab6f606b"
                        },
                        "meta": {
                            "e2bfb730-ecaa-11e6-8f88-34363bc7c4c0": {
                                "create": 600000000000,
                                "delete": 1200000000000
                            },
                            "schema_version": "1"
                        },
                        "tainted": false
                    },
                    "deposed": [],
                    "provider": "provider.aws"
                },
                "aws_vpc.jenkins-poc": {
                    "type": "aws_vpc",
                    "depends_on": [],
                    "primary": {
                        "id": "vpc-04da8954cab6f606b",
                        "attributes": {
                            "arn": "arn:aws:ec2:us-east-2:858766464131:vpc/vpc-04da8954cab6f606b",
                            "assign_generated_ipv6_cidr_block": "false",
                            "cidr_block": "10.0.0.0/16",
                            "default_network_acl_id": "acl-037bf834268324858",
                            "default_route_table_id": "rtb-051f1c32ca3ba51a8",
                            "default_security_group_id": "sg-043897e784c0257f7",
                            "dhcp_options_id": "dopt-3219ec5b",
                            "enable_dns_hostnames": "false",
                            "enable_dns_support": "true",
                            "id": "vpc-04da8954cab6f606b",
                            "instance_tenancy": "default",
                            "ipv6_association_id": "",
                            "ipv6_cidr_block": "",
                            "main_route_table_id": "rtb-051f1c32ca3ba51a8",
                            "owner_id": "858766464131",
                            "tags.%": "2",
                            "tags.Name": "jenkins-poc",
                            "tags.kubernetes.io/cluster/jenkins-poc": "shared"
                        },
                        "meta": {
                            "schema_version": "1"
                        },
                        "tainted": false
                    },
                    "deposed": [],
                    "provider": "provider.aws"
                },
                "data.aws_ami.eks-worker": {
                    "type": "aws_ami",
                    "depends_on": [
                        "aws_eks_cluster.jenkins-poc"
                    ],
                    "primary": {
                        "id": "ami-082bb518441d3954c",
                        "attributes": {
                            "architecture": "x86_64",
                            "block_device_mappings.#": "1",
                            "block_device_mappings.3798922657.device_name": "/dev/xvda",
                            "block_device_mappings.3798922657.ebs.%": "6",
                            "block_device_mappings.3798922657.ebs.delete_on_termination": "true",
                            "block_device_mappings.3798922657.ebs.encrypted": "false",
                            "block_device_mappings.3798922657.ebs.iops": "0",
                            "block_device_mappings.3798922657.ebs.snapshot_id": "snap-0b8b93aeadef61290",
                            "block_device_mappings.3798922657.ebs.volume_size": "20",
                            "block_device_mappings.3798922657.ebs.volume_type": "gp2",
                            "block_device_mappings.3798922657.no_device": "",
                            "block_device_mappings.3798922657.virtual_name": "",
                            "creation_date": "2019-09-28T10:32:25.000Z",
                            "description": "EKS Kubernetes Worker AMI with AmazonLinux2 image, (k8s: 1.14.7, docker:18.06)",
                            "filter.#": "1",
                            "filter.2918724906.name": "name",
                            "filter.2918724906.values.#": "1",
                            "filter.2918724906.values.0": "amazon-eks-node-1.14-v*",
                            "hypervisor": "xen",
                            "id": "ami-082bb518441d3954c",
                            "image_id": "ami-082bb518441d3954c",
                            "image_location": "amazon/amazon-eks-node-1.14-v20190927",
                            "image_owner_alias": "amazon",
                            "image_type": "machine",
                            "most_recent": "true",
                            "name": "amazon-eks-node-1.14-v20190927",
                            "owner_id": "602401143452",
                            "owners.#": "1",
                            "owners.0": "602401143452",
                            "product_codes.#": "0",
                            "public": "true",
                            "root_device_name": "/dev/xvda",
                            "root_device_type": "ebs",
                            "root_snapshot_id": "snap-0b8b93aeadef61290",
                            "sriov_net_support": "simple",
                            "state": "available",
                            "state_reason.%": "2",
                            "state_reason.code": "UNSET",
                            "state_reason.message": "UNSET",
                            "tags.%": "0",
                            "virtualization_type": "hvm"
                        },
                        "meta": {},
                        "tainted": false
                    },
                    "deposed": [],
                    "provider": "provider.aws"
                },
                "data.aws_availability_zones.available": {
                    "type": "aws_availability_zones",
                    "depends_on": [],
                    "primary": {
                        "id": "2019-10-15 15:00:31.786809 +0000 UTC",
                        "attributes": {
                            "id": "2019-10-15 15:00:31.786809 +0000 UTC",
                            "names.#": "3",
                            "names.0": "us-east-2a",
                            "names.1": "us-east-2b",
                            "names.2": "us-east-2c",
                            "zone_ids.#": "3",
                            "zone_ids.0": "use2-az1",
                            "zone_ids.1": "use2-az2",
                            "zone_ids.2": "use2-az3"
                        },
                        "meta": {},
                        "tainted": false
                    },
                    "deposed": [],
                    "provider": "provider.aws"
                }
            },
            "depends_on": []
        }
    ]
}
