{
    "version": 3,
    "terraform_version": "0.11.11",
    "serial": 6,
    "lineage": "7d44e3c4-ef35-a064-e48f-12d1468a82a8",
    "modules": [
        {
            "path": [
                "root"
            ],
            "outputs": {},
            "resources": {
                "aws_iam_instance_profile.jenkins-poc-master": {
                    "type": "aws_iam_instance_profile",
                    "depends_on": [
                        "aws_iam_role.jenkins-poc-master"
                    ],
                    "primary": {
                        "id": "jenkins-poc-master",
                        "attributes": {
                            "arn": "arn:aws:iam::858766464131:instance-profile/jenkins-poc-master",
                            "create_date": "2019-10-15T18:48:04Z",
                            "id": "jenkins-poc-master",
                            "name": "jenkins-poc-master",
                            "path": "/",
                            "role": "jenkins-poc",
                            "roles.#": "1",
                            "roles.1439167365": "jenkins-poc",
                            "unique_id": "AIPA4P4TYKSBYTL2AIVHM"
                        },
                        "meta": {},
                        "tainted": false
                    },
                    "deposed": [],
                    "provider": "provider.aws"
                },
                "aws_iam_instance_profile.jenkins-poc-worker": {
                    "type": "aws_iam_instance_profile",
                    "depends_on": [
                        "aws_iam_role.jenkins-poc-worker"
                    ],
                    "primary": {
                        "id": "jenkins-poc-worker",
                        "attributes": {
                            "arn": "arn:aws:iam::858766464131:instance-profile/jenkins-poc-worker",
                            "create_date": "2019-10-15T18:43:41Z",
                            "id": "jenkins-poc-worker",
                            "name": "jenkins-poc-worker",
                            "path": "/",
                            "role": "jenkins-poc-worker",
                            "roles.#": "1",
                            "roles.4088986714": "jenkins-poc-worker",
                            "unique_id": "AIPA4P4TYKSBQLMC3H5MO"
                        },
                        "meta": {},
                        "tainted": false
                    },
                    "deposed": [],
                    "provider": "provider.aws"
                },
                "aws_iam_role.jenkins-poc-master": {
                    "type": "aws_iam_role",
                    "depends_on": [],
                    "primary": {
                        "id": "jenkins-poc",
                        "attributes": {
                            "arn": "arn:aws:iam::858766464131:role/jenkins-poc",
                            "assume_role_policy": "{\"Version\":\"2012-10-17\",\"Statement\":[{\"Effect\":\"Allow\",\"Principal\":{\"Service\":\"eks.amazonaws.com\"},\"Action\":\"sts:AssumeRole\"}]}",
                            "create_date": "2019-10-15T18:43:39Z",
                            "description": "",
                            "force_detach_policies": "false",
                            "id": "jenkins-poc",
                            "max_session_duration": "3600",
                            "name": "jenkins-poc",
                            "path": "/",
                            "tags.%": "0",
                            "unique_id": "AROA4P4TYKSB6A6AB5PNO"
                        },
                        "meta": {},
                        "tainted": false
                    },
                    "deposed": [],
                    "provider": "provider.aws"
                },
                "aws_iam_role.jenkins-poc-worker": {
                    "type": "aws_iam_role",
                    "depends_on": [],
                    "primary": {
                        "id": "jenkins-poc-worker",
                        "attributes": {
                            "arn": "arn:aws:iam::858766464131:role/jenkins-poc-worker",
                            "assume_role_policy": "{\"Version\":\"2012-10-17\",\"Statement\":[{\"Effect\":\"Allow\",\"Principal\":{\"Service\":\"ec2.amazonaws.com\"},\"Action\":\"sts:AssumeRole\"}]}",
                            "create_date": "2019-10-15T18:43:39Z",
                            "description": "",
                            "force_detach_policies": "false",
                            "id": "jenkins-poc-worker",
                            "max_session_duration": "3600",
                            "name": "jenkins-poc-worker",
                            "path": "/",
                            "tags.%": "0",
                            "unique_id": "AROA4P4TYKSBZSORZN5BK"
                        },
                        "meta": {},
                        "tainted": false
                    },
                    "deposed": [],
                    "provider": "provider.aws"
                },
                "aws_iam_role_policy_attachment.jenkins-poc-master-AmazonmasterClusterPolicy": {
                    "type": "aws_iam_role_policy_attachment",
                    "depends_on": [
                        "aws_iam_role.jenkins-poc-master"
                    ],
                    "primary": {
                        "id": "jenkins-poc-20191015184341874800000002",
                        "attributes": {
                            "id": "jenkins-poc-20191015184341874800000002",
                            "policy_arn": "arn:aws:iam::aws:policy/AdministratorAccess",
                            "role": "jenkins-poc"
                        },
                        "meta": {},
                        "tainted": false
                    },
                    "deposed": [],
                    "provider": "provider.aws"
                },
                "aws_iam_role_policy_attachment.jenkins-poc-worker-AmazonWorkerNodePolicy": {
                    "type": "aws_iam_role_policy_attachment",
                    "depends_on": [
                        "aws_iam_role.jenkins-poc-worker"
                    ],
                    "primary": {
                        "id": "jenkins-poc-worker-20191015184341865300000001",
                        "attributes": {
                            "id": "jenkins-poc-worker-20191015184341865300000001",
                            "policy_arn": "arn:aws:iam::aws:policy/AdministratorAccess",
                            "role": "jenkins-poc-worker"
                        },
                        "meta": {},
                        "tainted": false
                    },
                    "deposed": [],
                    "provider": "provider.aws"
                },
                "aws_instance.kubworker.0": {
                    "type": "aws_instance",
                    "depends_on": [
                        "aws_iam_instance_profile.jenkins-poc-worker",
                        "aws_key_pair.nikhilsshkey",
                        "aws_security_group.jenkins-poc-worker",
                        "aws_subnet.jenkins-poc.*"
                    ],
                    "primary": {
                        "id": "i-0e64851ac841d3a09",
                        "attributes": {
                            "ami": "ami-0d03add87774b12c5",
                            "arn": "arn:aws:ec2:us-east-2:858766464131:instance/i-0e64851ac841d3a09",
                            "associate_public_ip_address": "true",
                            "availability_zone": "us-east-2a",
                            "cpu_core_count": "1",
                            "cpu_threads_per_core": "2",
                            "disable_api_termination": "false",
                            "ebs_block_device.#": "0",
                            "ebs_optimized": "false",
                            "ephemeral_block_device.#": "0",
                            "get_password_data": "false",
                            "iam_instance_profile": "jenkins-poc-worker",
                            "id": "i-0e64851ac841d3a09",
                            "instance_state": "running",
                            "instance_type": "m5.large",
                            "ipv6_address_count": "0",
                            "ipv6_addresses.#": "0",
                            "key_name": "ssh-key",
                            "monitoring": "false",
                            "network_interface.#": "0",
                            "password_data": "",
                            "placement_group": "",
                            "primary_network_interface_id": "eni-0c5d05ebbd7651cba",
                            "private_dns": "ip-10-0-0-180.us-east-2.compute.internal",
                            "private_ip": "10.0.0.180",
                            "public_dns": "",
                            "public_ip": "3.17.155.16",
                            "root_block_device.#": "1",
                            "root_block_device.0.delete_on_termination": "true",
                            "root_block_device.0.encrypted": "false",
                            "root_block_device.0.iops": "100",
                            "root_block_device.0.kms_key_id": "",
                            "root_block_device.0.volume_id": "vol-06e0f509768a581ee",
                            "root_block_device.0.volume_size": "8",
                            "root_block_device.0.volume_type": "gp2",
                            "security_groups.#": "0",
                            "source_dest_check": "true",
                            "subnet_id": "subnet-07d6d06fe963f63ac",
                            "tags.%": "2",
                            "tags.Name": "kubernetesworker-1",
                            "tags.kube": "master",
                            "tenancy": "default",
                            "volume_tags.%": "0",
                            "vpc_security_group_ids.#": "1",
                            "vpc_security_group_ids.2753245874": "sg-00ec1b5ea38ffe37c"
                        },
                        "meta": {
                            "e2bfb730-ecaa-11e6-8f88-34363bc7c4c0": {
                                "create": 600000000000,
                                "delete": 1200000000000,
                                "update": 600000000000
                            },
                            "schema_version": "1"
                        },
                        "tainted": false
                    },
                    "deposed": [],
                    "provider": "provider.aws"
                },
                "aws_instance.kubworker.1": {
                    "type": "aws_instance",
                    "depends_on": [
                        "aws_iam_instance_profile.jenkins-poc-worker",
                        "aws_key_pair.nikhilsshkey",
                        "aws_security_group.jenkins-poc-worker",
                        "aws_subnet.jenkins-poc.*"
                    ],
                    "primary": {
                        "id": "i-0bb8703fbe46c679e",
                        "attributes": {
                            "ami": "ami-0d03add87774b12c5",
                            "arn": "arn:aws:ec2:us-east-2:858766464131:instance/i-0bb8703fbe46c679e",
                            "associate_public_ip_address": "true",
                            "availability_zone": "us-east-2b",
                            "cpu_core_count": "1",
                            "cpu_threads_per_core": "2",
                            "disable_api_termination": "false",
                            "ebs_block_device.#": "0",
                            "ebs_optimized": "false",
                            "ephemeral_block_device.#": "0",
                            "get_password_data": "false",
                            "iam_instance_profile": "jenkins-poc-worker",
                            "id": "i-0bb8703fbe46c679e",
                            "instance_state": "running",
                            "instance_type": "m5.large",
                            "ipv6_address_count": "0",
                            "ipv6_addresses.#": "0",
                            "key_name": "ssh-key",
                            "monitoring": "false",
                            "network_interface.#": "0",
                            "password_data": "",
                            "placement_group": "",
                            "primary_network_interface_id": "eni-0f6f76c53cfb10106",
                            "private_dns": "ip-10-0-1-29.us-east-2.compute.internal",
                            "private_ip": "10.0.1.29",
                            "public_dns": "",
                            "public_ip": "13.59.29.252",
                            "root_block_device.#": "1",
                            "root_block_device.0.delete_on_termination": "true",
                            "root_block_device.0.encrypted": "false",
                            "root_block_device.0.iops": "100",
                            "root_block_device.0.kms_key_id": "",
                            "root_block_device.0.volume_id": "vol-0a0e1657eb7a63fbe",
                            "root_block_device.0.volume_size": "8",
                            "root_block_device.0.volume_type": "gp2",
                            "security_groups.#": "0",
                            "source_dest_check": "true",
                            "subnet_id": "subnet-0385d7c6afe238ab4",
                            "tags.%": "2",
                            "tags.Name": "kubernetesworker-2",
                            "tags.kube": "master",
                            "tenancy": "default",
                            "volume_tags.%": "0",
                            "vpc_security_group_ids.#": "1",
                            "vpc_security_group_ids.2753245874": "sg-00ec1b5ea38ffe37c"
                        },
                        "meta": {
                            "e2bfb730-ecaa-11e6-8f88-34363bc7c4c0": {
                                "create": 600000000000,
                                "delete": 1200000000000,
                                "update": 600000000000
                            },
                            "schema_version": "1"
                        },
                        "tainted": false
                    },
                    "deposed": [],
                    "provider": "provider.aws"
                },
                "aws_instance.master": {
                    "type": "aws_instance",
                    "depends_on": [
                        "aws_iam_instance_profile.jenkins-poc-master",
                        "aws_key_pair.nikhilsshkey",
                        "aws_security_group.jenkins-poc-master",
                        "aws_subnet.jenkins-poc.*"
                    ],
                    "primary": {
                        "id": "i-09aa2d1b7ddfcbb33",
                        "attributes": {
                            "ami": "ami-0d03add87774b12c5",
                            "arn": "arn:aws:ec2:us-east-2:858766464131:instance/i-09aa2d1b7ddfcbb33",
                            "associate_public_ip_address": "true",
                            "availability_zone": "us-east-2a",
                            "cpu_core_count": "1",
                            "cpu_threads_per_core": "2",
                            "disable_api_termination": "false",
                            "ebs_block_device.#": "0",
                            "ebs_optimized": "false",
                            "ephemeral_block_device.#": "0",
                            "get_password_data": "false",
                            "iam_instance_profile": "jenkins-poc-master",
                            "id": "i-09aa2d1b7ddfcbb33",
                            "instance_state": "running",
                            "instance_type": "m5.large",
                            "ipv6_address_count": "0",
                            "ipv6_addresses.#": "0",
                            "key_name": "ssh-key",
                            "monitoring": "false",
                            "network_interface.#": "0",
                            "password_data": "",
                            "placement_group": "",
                            "primary_network_interface_id": "eni-0c4c0ccdcff4dfd8f",
                            "private_dns": "ip-10-0-0-129.us-east-2.compute.internal",
                            "private_ip": "10.0.0.129",
                            "public_dns": "",
                            "public_ip": "13.59.210.9",
                            "root_block_device.#": "1",
                            "root_block_device.0.delete_on_termination": "true",
                            "root_block_device.0.encrypted": "false",
                            "root_block_device.0.iops": "100",
                            "root_block_device.0.kms_key_id": "",
                            "root_block_device.0.volume_id": "vol-0376527ee86a20585",
                            "root_block_device.0.volume_size": "8",
                            "root_block_device.0.volume_type": "gp2",
                            "security_groups.#": "0",
                            "source_dest_check": "true",
                            "subnet_id": "subnet-07d6d06fe963f63ac",
                            "tags.%": "2",
                            "tags.Name": "kubernetesmaster-1",
                            "tags.kube": "master",
                            "tenancy": "default",
                            "volume_tags.%": "0",
                            "vpc_security_group_ids.#": "1",
                            "vpc_security_group_ids.1902799637": "sg-03a07dc1892190621"
                        },
                        "meta": {
                            "e2bfb730-ecaa-11e6-8f88-34363bc7c4c0": {
                                "create": 600000000000,
                                "delete": 1200000000000,
                                "update": 600000000000
                            },
                            "schema_version": "1"
                        },
                        "tainted": false
                    },
                    "deposed": [],
                    "provider": "provider.aws"
                },
                "aws_internet_gateway.jenkins-poc": {
                    "type": "aws_internet_gateway",
                    "depends_on": [
                        "aws_vpc.jenkins-poc"
                    ],
                    "primary": {
                        "id": "igw-0172cfb458e25a5b1",
                        "attributes": {
                            "id": "igw-0172cfb458e25a5b1",
                            "owner_id": "858766464131",
                            "tags.%": "1",
                            "tags.Name": "jenkins-poc",
                            "vpc_id": "vpc-0694d4b98a5cb6d28"
                        },
                        "meta": {},
                        "tainted": false
                    },
                    "deposed": [],
                    "provider": "provider.aws"
                },
                "aws_key_pair.nikhilsshkey": {
                    "type": "aws_key_pair",
                    "depends_on": [],
                    "primary": {
                        "id": "ssh-key",
                        "attributes": {
                            "fingerprint": "e6:b2:08:ce:df:c4:3b:6e:ad:7e:b2:7b:11:a9:de:5e",
                            "id": "ssh-key",
                            "key_name": "ssh-key",
                            "public_key": "ssh-rsa AAAAB3NzaC1yc2EAAAADAQABAAABAQDOsaNmi1splxA2a9RdJP20crtTanX/9LS3OcEBwKgFwKX9MPUX/QH6A8AGHzNA6JLHbOjjDJYWOQhlOj5lBFEJIwqJR77JB/WEB6FxmujR/kOz1r1f9QJdEiwpyU5G425Q+7Stqa9EQj5gOArfIa5a3q8h9eHm3LyIMu3o4hH+xlCho/i8zpP8y1Dk9cxC1UiutLDUEGIwdXlWkDpkRRiB3PAnh23UE4b2jiMD11eXcT/rFiI6QPXw8Oi6Sjkv2vs5h9CEiRwFKvCUowQMJOUceShYoVl2OGcPrKD7aSXadAMq+lP1A7lV0P/m5pPvy5HrxvxdxPHqPDNvsGxh0Zk7 npaa@sjc-1mpolava-lt.corporate.local"
                        },
                        "meta": {
                            "schema_version": "1"
                        },
                        "tainted": false
                    },
                    "deposed": [],
                    "provider": "provider.aws"
                },
                "aws_route_table.jenkins-poc": {
                    "type": "aws_route_table",
                    "depends_on": [
                        "aws_internet_gateway.jenkins-poc",
                        "aws_vpc.jenkins-poc"
                    ],
                    "primary": {
                        "id": "rtb-0318f633869fd9ac3",
                        "attributes": {
                            "id": "rtb-0318f633869fd9ac3",
                            "owner_id": "858766464131",
                            "propagating_vgws.#": "0",
                            "route.#": "1",
                            "route.1487058872.cidr_block": "0.0.0.0/0",
                            "route.1487058872.egress_only_gateway_id": "",
                            "route.1487058872.gateway_id": "igw-0172cfb458e25a5b1",
                            "route.1487058872.instance_id": "",
                            "route.1487058872.ipv6_cidr_block": "",
                            "route.1487058872.nat_gateway_id": "",
                            "route.1487058872.network_interface_id": "",
                            "route.1487058872.transit_gateway_id": "",
                            "route.1487058872.vpc_peering_connection_id": "",
                            "tags.%": "0",
                            "vpc_id": "vpc-0694d4b98a5cb6d28"
                        },
                        "meta": {},
                        "tainted": false
                    },
                    "deposed": [],
                    "provider": "provider.aws"
                },
                "aws_route_table_association.demo.0": {
                    "type": "aws_route_table_association",
                    "depends_on": [
                        "aws_route_table.jenkins-poc",
                        "aws_subnet.jenkins-poc.*"
                    ],
                    "primary": {
                        "id": "rtbassoc-00c2832a69f9f22fb",
                        "attributes": {
                            "id": "rtbassoc-00c2832a69f9f22fb",
                            "route_table_id": "rtb-0318f633869fd9ac3",
                            "subnet_id": "subnet-07d6d06fe963f63ac"
                        },
                        "meta": {},
                        "tainted": false
                    },
                    "deposed": [],
                    "provider": "provider.aws"
                },
                "aws_route_table_association.demo.1": {
                    "type": "aws_route_table_association",
                    "depends_on": [
                        "aws_route_table.jenkins-poc",
                        "aws_subnet.jenkins-poc.*"
                    ],
                    "primary": {
                        "id": "rtbassoc-09f2feacb51729184",
                        "attributes": {
                            "id": "rtbassoc-09f2feacb51729184",
                            "route_table_id": "rtb-0318f633869fd9ac3",
                            "subnet_id": "subnet-0385d7c6afe238ab4"
                        },
                        "meta": {},
                        "tainted": false
                    },
                    "deposed": [],
                    "provider": "provider.aws"
                },
                "aws_security_group.jenkins-poc-master": {
                    "type": "aws_security_group",
                    "depends_on": [
                        "aws_vpc.jenkins-poc"
                    ],
                    "primary": {
                        "id": "sg-03a07dc1892190621",
                        "attributes": {
                            "arn": "arn:aws:ec2:us-east-2:858766464131:security-group/sg-03a07dc1892190621",
                            "description": "Cluster communication with worker nodes",
                            "egress.#": "1",
                            "egress.482069346.cidr_blocks.#": "1",
                            "egress.482069346.cidr_blocks.0": "0.0.0.0/0",
                            "egress.482069346.description": "",
                            "egress.482069346.from_port": "0",
                            "egress.482069346.ipv6_cidr_blocks.#": "0",
                            "egress.482069346.prefix_list_ids.#": "0",
                            "egress.482069346.protocol": "-1",
                            "egress.482069346.security_groups.#": "0",
                            "egress.482069346.self": "false",
                            "egress.482069346.to_port": "0",
                            "id": "sg-03a07dc1892190621",
                            "ingress.#": "3",
                            "ingress.1332985769.cidr_blocks.#": "1",
                            "ingress.1332985769.cidr_blocks.0": "0.0.0.0/0",
                            "ingress.1332985769.description": "ssh",
                            "ingress.1332985769.from_port": "22",
                            "ingress.1332985769.ipv6_cidr_blocks.#": "0",
                            "ingress.1332985769.prefix_list_ids.#": "0",
                            "ingress.1332985769.protocol": "tcp",
                            "ingress.1332985769.security_groups.#": "0",
                            "ingress.1332985769.self": "false",
                            "ingress.1332985769.to_port": "22",
                            "ingress.381313393.cidr_blocks.#": "1",
                            "ingress.381313393.cidr_blocks.0": "0.0.0.0/32",
                            "ingress.381313393.description": "Allow workstation to communicate with the cluster API Server",
                            "ingress.381313393.from_port": "443",
                            "ingress.381313393.ipv6_cidr_blocks.#": "0",
                            "ingress.381313393.prefix_list_ids.#": "0",
                            "ingress.381313393.protocol": "tcp",
                            "ingress.381313393.security_groups.#": "0",
                            "ingress.381313393.self": "false",
                            "ingress.381313393.to_port": "443",
                            "ingress.412783339.cidr_blocks.#": "0",
                            "ingress.412783339.description": "Allow pods to communicate with the cluster API Server",
                            "ingress.412783339.from_port": "443",
                            "ingress.412783339.ipv6_cidr_blocks.#": "0",
                            "ingress.412783339.prefix_list_ids.#": "0",
                            "ingress.412783339.protocol": "tcp",
                            "ingress.412783339.security_groups.#": "1",
                            "ingress.412783339.security_groups.2753245874": "sg-00ec1b5ea38ffe37c",
                            "ingress.412783339.self": "false",
                            "ingress.412783339.to_port": "443",
                            "name": "jenkins-poc",
                            "owner_id": "858766464131",
                            "revoke_rules_on_delete": "false",
                            "tags.%": "1",
                            "tags.Name": "jenkins-poc",
                            "vpc_id": "vpc-0694d4b98a5cb6d28"
                        },
                        "meta": {
                            "e2bfb730-ecaa-11e6-8f88-34363bc7c4c0": {
                                "create": 600000000000,
                                "delete": 600000000000
                            },
                            "schema_version": "1"
                        },
                        "tainted": false
                    },
                    "deposed": [],
                    "provider": "provider.aws"
                },
                "aws_security_group.jenkins-poc-worker": {
                    "type": "aws_security_group",
                    "depends_on": [
                        "aws_vpc.jenkins-poc"
                    ],
                    "primary": {
                        "id": "sg-00ec1b5ea38ffe37c",
                        "attributes": {
                            "arn": "arn:aws:ec2:us-east-2:858766464131:security-group/sg-00ec1b5ea38ffe37c",
                            "description": "Security group for all nodes in the cluster",
                            "egress.#": "1",
                            "egress.482069346.cidr_blocks.#": "1",
                            "egress.482069346.cidr_blocks.0": "0.0.0.0/0",
                            "egress.482069346.description": "",
                            "egress.482069346.from_port": "0",
                            "egress.482069346.ipv6_cidr_blocks.#": "0",
                            "egress.482069346.prefix_list_ids.#": "0",
                            "egress.482069346.protocol": "-1",
                            "egress.482069346.security_groups.#": "0",
                            "egress.482069346.self": "false",
                            "egress.482069346.to_port": "0",
                            "id": "sg-00ec1b5ea38ffe37c",
                            "ingress.#": "3",
                            "ingress.1332985769.cidr_blocks.#": "1",
                            "ingress.1332985769.cidr_blocks.0": "0.0.0.0/0",
                            "ingress.1332985769.description": "ssh",
                            "ingress.1332985769.from_port": "22",
                            "ingress.1332985769.ipv6_cidr_blocks.#": "0",
                            "ingress.1332985769.prefix_list_ids.#": "0",
                            "ingress.1332985769.protocol": "tcp",
                            "ingress.1332985769.security_groups.#": "0",
                            "ingress.1332985769.self": "false",
                            "ingress.1332985769.to_port": "22",
                            "ingress.2278689831.cidr_blocks.#": "0",
                            "ingress.2278689831.description": "Allow node to communicate with each other",
                            "ingress.2278689831.from_port": "0",
                            "ingress.2278689831.ipv6_cidr_blocks.#": "0",
                            "ingress.2278689831.prefix_list_ids.#": "0",
                            "ingress.2278689831.protocol": "-1",
                            "ingress.2278689831.security_groups.#": "0",
                            "ingress.2278689831.self": "true",
                            "ingress.2278689831.to_port": "0",
                            "ingress.4226185556.cidr_blocks.#": "0",
                            "ingress.4226185556.description": "Allow worker Kubelets and pods to receive communication from the cluster control plane",
                            "ingress.4226185556.from_port": "1025",
                            "ingress.4226185556.ipv6_cidr_blocks.#": "0",
                            "ingress.4226185556.prefix_list_ids.#": "0",
                            "ingress.4226185556.protocol": "tcp",
                            "ingress.4226185556.security_groups.#": "1",
                            "ingress.4226185556.security_groups.1902799637": "sg-03a07dc1892190621",
                            "ingress.4226185556.self": "false",
                            "ingress.4226185556.to_port": "65535",
                            "name": "jenkins-poc-worker",
                            "owner_id": "858766464131",
                            "revoke_rules_on_delete": "false",
                            "tags.%": "2",
                            "tags.Name": "jenkins-poc-worker",
                            "tags.kubernetes.io/cluster/jenkins-poc": "owned",
                            "vpc_id": "vpc-0694d4b98a5cb6d28"
                        },
                        "meta": {
                            "e2bfb730-ecaa-11e6-8f88-34363bc7c4c0": {
                                "create": 600000000000,
                                "delete": 600000000000
                            },
                            "schema_version": "1"
                        },
                        "tainted": false
                    },
                    "deposed": [],
                    "provider": "provider.aws"
                },
                "aws_security_group_rule.jenkins-poc-ingress-ssh-master": {
                    "type": "aws_security_group_rule",
                    "depends_on": [
                        "aws_security_group.jenkins-poc-master"
                    ],
                    "primary": {
                        "id": "sgrule-4049333490",
                        "attributes": {
                            "cidr_blocks.#": "1",
                            "cidr_blocks.0": "0.0.0.0/32",
                            "description": "Allow workstation to communicate to ssh to master",
                            "from_port": "0",
                            "id": "sgrule-4049333490",
                            "protocol": "-1",
                            "security_group_id": "sg-03a07dc1892190621",
                            "self": "false",
                            "to_port": "22",
                            "type": "ingress"
                        },
                        "meta": {
                            "schema_version": "2"
                        },
                        "tainted": false
                    },
                    "deposed": [],
                    "provider": "provider.aws"
                },
                "aws_security_group_rule.jenkins-poc-ingress-ssh-worker": {
                    "type": "aws_security_group_rule",
                    "depends_on": [
                        "aws_security_group.jenkins-poc-worker"
                    ],
                    "primary": {
                        "id": "sgrule-1628636089",
                        "attributes": {
                            "cidr_blocks.#": "1",
                            "cidr_blocks.0": "0.0.0.0/32",
                            "description": "Allow workstation to communicate to ssh to worker",
                            "from_port": "0",
                            "id": "sgrule-1628636089",
                            "protocol": "-1",
                            "security_group_id": "sg-00ec1b5ea38ffe37c",
                            "self": "false",
                            "to_port": "22",
                            "type": "ingress"
                        },
                        "meta": {
                            "schema_version": "2"
                        },
                        "tainted": false
                    },
                    "deposed": [],
                    "provider": "provider.aws"
                },
                "aws_security_group_rule.jenkins-poc-ingress-workstation-https": {
                    "type": "aws_security_group_rule",
                    "depends_on": [
                        "aws_security_group.jenkins-poc-master"
                    ],
                    "primary": {
                        "id": "sgrule-2238611096",
                        "attributes": {
                            "cidr_blocks.#": "1",
                            "cidr_blocks.0": "0.0.0.0/32",
                            "description": "Allow workstation to communicate with the cluster API Server",
                            "from_port": "443",
                            "id": "sgrule-2238611096",
                            "ipv6_cidr_blocks.#": "0",
                            "prefix_list_ids.#": "0",
                            "protocol": "tcp",
                            "security_group_id": "sg-03a07dc1892190621",
                            "self": "false",
                            "to_port": "443",
                            "type": "ingress"
                        },
                        "meta": {
                            "schema_version": "2"
                        },
                        "tainted": false
                    },
                    "deposed": [],
                    "provider": "provider.aws"
                },
                "aws_security_group_rule.jenkins-poc-master-ingress-node-https": {
                    "type": "aws_security_group_rule",
                    "depends_on": [
                        "aws_security_group.jenkins-poc-master",
                        "aws_security_group.jenkins-poc-worker"
                    ],
                    "primary": {
                        "id": "sgrule-3609151109",
                        "attributes": {
                            "cidr_blocks.#": "0",
                            "description": "Allow pods to communicate with the cluster API Server",
                            "from_port": "443",
                            "id": "sgrule-3609151109",
                            "ipv6_cidr_blocks.#": "0",
                            "prefix_list_ids.#": "0",
                            "protocol": "tcp",
                            "security_group_id": "sg-03a07dc1892190621",
                            "self": "false",
                            "source_security_group_id": "sg-00ec1b5ea38ffe37c",
                            "to_port": "443",
                            "type": "ingress"
                        },
                        "meta": {
                            "schema_version": "2"
                        },
                        "tainted": false
                    },
                    "deposed": [],
                    "provider": "provider.aws"
                },
                "aws_security_group_rule.jenkins-poc-worker-ingress-cluster": {
                    "type": "aws_security_group_rule",
                    "depends_on": [
                        "aws_security_group.jenkins-poc-master",
                        "aws_security_group.jenkins-poc-worker"
                    ],
                    "primary": {
                        "id": "sgrule-3511127616",
                        "attributes": {
                            "cidr_blocks.#": "0",
                            "description": "Allow worker Kubelets and pods to receive communication from the cluster control plane",
                            "from_port": "1025",
                            "id": "sgrule-3511127616",
                            "ipv6_cidr_blocks.#": "0",
                            "prefix_list_ids.#": "0",
                            "protocol": "tcp",
                            "security_group_id": "sg-00ec1b5ea38ffe37c",
                            "self": "false",
                            "source_security_group_id": "sg-03a07dc1892190621",
                            "to_port": "65535",
                            "type": "ingress"
                        },
                        "meta": {
                            "schema_version": "2"
                        },
                        "tainted": false
                    },
                    "deposed": [],
                    "provider": "provider.aws"
                },
                "aws_security_group_rule.jenkins-poc-worker-ingress-self": {
                    "type": "aws_security_group_rule",
                    "depends_on": [
                        "aws_security_group.jenkins-poc-worker"
                    ],
                    "primary": {
                        "id": "sgrule-2513180579",
                        "attributes": {
                            "cidr_blocks.#": "0",
                            "description": "Allow node to communicate with each other",
                            "from_port": "0",
                            "id": "sgrule-2513180579",
                            "ipv6_cidr_blocks.#": "0",
                            "prefix_list_ids.#": "0",
                            "protocol": "-1",
                            "security_group_id": "sg-00ec1b5ea38ffe37c",
                            "self": "false",
                            "source_security_group_id": "sg-00ec1b5ea38ffe37c",
                            "to_port": "0",
                            "type": "ingress"
                        },
                        "meta": {
                            "schema_version": "2"
                        },
                        "tainted": false
                    },
                    "deposed": [],
                    "provider": "provider.aws"
                },
                "aws_subnet.jenkins-poc.0": {
                    "type": "aws_subnet",
                    "depends_on": [
                        "aws_vpc.jenkins-poc",
                        "data.aws_availability_zones.available"
                    ],
                    "primary": {
                        "id": "subnet-07d6d06fe963f63ac",
                        "attributes": {
                            "arn": "arn:aws:ec2:us-east-2:858766464131:subnet/subnet-07d6d06fe963f63ac",
                            "assign_ipv6_address_on_creation": "false",
                            "availability_zone": "us-east-2a",
                            "availability_zone_id": "use2-az1",
                            "cidr_block": "10.0.0.0/24",
                            "id": "subnet-07d6d06fe963f63ac",
                            "ipv6_cidr_block": "",
                            "ipv6_cidr_block_association_id": "",
                            "map_public_ip_on_launch": "false",
                            "owner_id": "858766464131",
                            "tags.%": "2",
                            "tags.Name": "jenkins-poc",
                            "tags.kubernetes.io/cluster/jenkins-poc": "shared",
                            "vpc_id": "vpc-0694d4b98a5cb6d28"
                        },
                        "meta": {
                            "e2bfb730-ecaa-11e6-8f88-34363bc7c4c0": {
                                "create": 600000000000,
                                "delete": 1200000000000
                            },
                            "schema_version": "1"
                        },
                        "tainted": false
                    },
                    "deposed": [],
                    "provider": "provider.aws"
                },
                "aws_subnet.jenkins-poc.1": {
                    "type": "aws_subnet",
                    "depends_on": [
                        "aws_vpc.jenkins-poc",
                        "data.aws_availability_zones.available"
                    ],
                    "primary": {
                        "id": "subnet-0385d7c6afe238ab4",
                        "attributes": {
                            "arn": "arn:aws:ec2:us-east-2:858766464131:subnet/subnet-0385d7c6afe238ab4",
                            "assign_ipv6_address_on_creation": "false",
                            "availability_zone": "us-east-2b",
                            "availability_zone_id": "use2-az2",
                            "cidr_block": "10.0.1.0/24",
                            "id": "subnet-0385d7c6afe238ab4",
                            "ipv6_cidr_block": "",
                            "ipv6_cidr_block_association_id": "",
                            "map_public_ip_on_launch": "false",
                            "owner_id": "858766464131",
                            "tags.%": "2",
                            "tags.Name": "jenkins-poc",
                            "tags.kubernetes.io/cluster/jenkins-poc": "shared",
                            "vpc_id": "vpc-0694d4b98a5cb6d28"
                        },
                        "meta": {
                            "e2bfb730-ecaa-11e6-8f88-34363bc7c4c0": {
                                "create": 600000000000,
                                "delete": 1200000000000
                            },
                            "schema_version": "1"
                        },
                        "tainted": false
                    },
                    "deposed": [],
                    "provider": "provider.aws"
                },
                "aws_vpc.jenkins-poc": {
                    "type": "aws_vpc",
                    "depends_on": [],
                    "primary": {
                        "id": "vpc-0694d4b98a5cb6d28",
                        "attributes": {
                            "arn": "arn:aws:ec2:us-east-2:858766464131:vpc/vpc-0694d4b98a5cb6d28",
                            "assign_generated_ipv6_cidr_block": "false",
                            "cidr_block": "10.0.0.0/16",
                            "default_network_acl_id": "acl-05cd01e5d255d3e3a",
                            "default_route_table_id": "rtb-03b4e20436846f4a0",
                            "default_security_group_id": "sg-0f48842d297eabac1",
                            "dhcp_options_id": "dopt-3219ec5b",
                            "enable_dns_hostnames": "false",
                            "enable_dns_support": "true",
                            "id": "vpc-0694d4b98a5cb6d28",
                            "instance_tenancy": "default",
                            "ipv6_association_id": "",
                            "ipv6_cidr_block": "",
                            "main_route_table_id": "rtb-03b4e20436846f4a0",
                            "owner_id": "858766464131",
                            "tags.%": "2",
                            "tags.Name": "jenkins-poc",
                            "tags.kubernetes.io/cluster/jenkins-poc": "shared"
                        },
                        "meta": {
                            "schema_version": "1"
                        },
                        "tainted": false
                    },
                    "deposed": [],
                    "provider": "provider.aws"
                },
                "data.aws_availability_zones.available": {
                    "type": "aws_availability_zones",
                    "depends_on": [],
                    "primary": {
                        "id": "2019-10-16 06:19:25.74546 +0000 UTC",
                        "attributes": {
                            "id": "2019-10-16 06:19:25.74546 +0000 UTC",
                            "names.#": "3",
                            "names.0": "us-east-2a",
                            "names.1": "us-east-2b",
                            "names.2": "us-east-2c",
                            "zone_ids.#": "3",
                            "zone_ids.0": "use2-az1",
                            "zone_ids.1": "use2-az2",
                            "zone_ids.2": "use2-az3"
                        },
                        "meta": {},
                        "tainted": false
                    },
                    "deposed": [],
                    "provider": "provider.aws"
                }
            },
            "depends_on": []
        }
    ]
}
